
Microsoft Visual Studio Solution File, Format Version 12.00
# Visual Studio Version 17
VisualStudioVersion = 17.7.34009.444
MinimumVisualStudioVersion = 10.0.40219.1
Project("{FAE04EC0-301F-11D3-BF4B-00C04F79EFBC}") = "PageCurrencyFinder", "PageCurrencyFinder\PageCurrencyFinder.csproj", "{52E8F747-2BFB-4FB1-B998-FBF936D4A0F3}"
EndProject
Global
	GlobalSection(SolutionConfigurationPlatforms) = preSolution
		Debug|Any CPU = Debug|Any CPU
		Release|Any CPU = Release|Any CPU
	EndGlobalSection
	GlobalSection(ProjectConfigurationPlatforms) = postSolution
		{52E8F747-2BFB-4FB1-B998-FBF936D4A0F3}.Debug|Any CPU.ActiveCfg = Debug|Any CPU
		{52E8F747-2BFB-4FB1-B998-FBF936D4A0F3}.Debug|Any CPU.Build.0 = Debug|Any CPU
		{52E8F747-2BFB-4FB1-B998-FBF936D4A0F3}.Release|Any CPU.ActiveCfg = Release|Any CPU
		{52E8F747-2BFB-4FB1-B998-FBF936D4A0F3}.Release|Any CPU.Build.0 = Release|Any CPU
	EndGlobalSection
	GlobalSection(SolutionProperties) = preSolution
		HideSolutionNode = FALSE
	EndGlobalSection
	GlobalSection(ExtensibilityGlobals) = postSolution
		SolutionGuid = {7022AA62-F417-4603-B7D2-1B4A8499D4E7}
	EndGlobalSection
EndGlobal
